
Microsoft Visual Studio Solution File, Format Version 12.00
# Visual Studio 2013
VisualStudioVersion = 12.0.31101.0
MinimumVisualStudioVersion = 10.0.40219.1
Project("{8BC9CEB8-8B4A-11D0-8D11-00A0C91BC942}") = "EtherSocketTest", "examples\EtherSocketTest\EtherSocketTest.vcxproj", "{A98951C4-827C-446E-BB8B-9E4B4E6F62DB}"
EndProject
Project("{8BC9CEB8-8B4A-11D0-8D11-00A0C91BC942}") = "EtherSocketTest-pc", "examples\EtherSocketTest\EtherSocketTest-pc.vcxproj", "{39FD1975-26E3-4AC1-B496-FC66833B476E}"
EndProject
Project("{8BC9CEB8-8B4A-11D0-8D11-00A0C91BC942}") = "EchoServer", "examples\EchoServer\EchoServer.vcxproj", "{D9E1FC92-3A33-434A-AAD8-60FF368E5D25}"
EndProject
Project("{8BC9CEB8-8B4A-11D0-8D11-00A0C91BC942}") = "ChatServer", "examples\ChatServer\ChatServer.vcxproj", "{B111DE51-E4B3-4D6B-83D7-4A96CE7B4FB5}"
EndProject
Global
	GlobalSection(SolutionConfigurationPlatforms) = preSolution
		Debug|Win32 = Debug|Win32
		Release|Win32 = Release|Win32
	EndGlobalSection
	GlobalSection(ProjectConfigurationPlatforms) = postSolution
		{A98951C4-827C-446E-BB8B-9E4B4E6F62DB}.Debug|Win32.ActiveCfg = Debug|Win32
		{A98951C4-827C-446E-BB8B-9E4B4E6F62DB}.Debug|Win32.Build.0 = Debug|Win32
		{A98951C4-827C-446E-BB8B-9E4B4E6F62DB}.Release|Win32.ActiveCfg = Release|Win32
		{A98951C4-827C-446E-BB8B-9E4B4E6F62DB}.Release|Win32.Build.0 = Release|Win32
		{39FD1975-26E3-4AC1-B496-FC66833B476E}.Debug|Win32.ActiveCfg = Debug|Win32
		{39FD1975-26E3-4AC1-B496-FC66833B476E}.Debug|Win32.Build.0 = Debug|Win32
		{39FD1975-26E3-4AC1-B496-FC66833B476E}.Release|Win32.ActiveCfg = Release|Win32
		{39FD1975-26E3-4AC1-B496-FC66833B476E}.Release|Win32.Build.0 = Release|Win32
		{D9E1FC92-3A33-434A-AAD8-60FF368E5D25}.Debug|Win32.ActiveCfg = Debug|Win32
		{D9E1FC92-3A33-434A-AAD8-60FF368E5D25}.Debug|Win32.Build.0 = Debug|Win32
		{D9E1FC92-3A33-434A-AAD8-60FF368E5D25}.Release|Win32.ActiveCfg = Release|Win32
		{D9E1FC92-3A33-434A-AAD8-60FF368E5D25}.Release|Win32.Build.0 = Release|Win32
		{B111DE51-E4B3-4D6B-83D7-4A96CE7B4FB5}.Debug|Win32.ActiveCfg = Debug|Win32
		{B111DE51-E4B3-4D6B-83D7-4A96CE7B4FB5}.Debug|Win32.Build.0 = Debug|Win32
		{B111DE51-E4B3-4D6B-83D7-4A96CE7B4FB5}.Release|Win32.ActiveCfg = Release|Win32
		{B111DE51-E4B3-4D6B-83D7-4A96CE7B4FB5}.Release|Win32.Build.0 = Release|Win32
	EndGlobalSection
	GlobalSection(SolutionProperties) = preSolution
		HideSolutionNode = FALSE
	EndGlobalSection
EndGlobal
